// !$*UTF8*$!
{
	archiveVersion = 1;
	classes = {
	};
	objectVersion = 46;
	objects = {

/* Begin PBXBuildFile section */
		8BB0EA9E1AE275E600DD2A1D /* CategoryTableViewController.swift in Sources */ = {isa = PBXBuildFile; fileRef = 8BB0EA9D1AE275E600DD2A1D /* CategoryTableViewController.swift */; };
		8BB0EAA01AE2760400DD2A1D /* ArticleTableViewController.swift in Sources */ = {isa = PBXBuildFile; fileRef = 8BB0EA9F1AE2760400DD2A1D /* ArticleTableViewController.swift */; };
		8BB1BDD71AE02F67001D713D /* ArticleController.swift in Sources */ = {isa = PBXBuildFile; fileRef = 8BB1BDD61AE02F67001D713D /* ArticleController.swift */; };
		8BB74EC21AD2E7560059C13D /* AppDelegate.swift in Sources */ = {isa = PBXBuildFile; fileRef = 8BB74EC11AD2E7560059C13D /* AppDelegate.swift */; };
		8BB74EC41AD2E7560059C13D /* ViewController.swift in Sources */ = {isa = PBXBuildFile; fileRef = 8BB74EC31AD2E7560059C13D /* ViewController.swift */; };
		8BB74EC71AD2E7560059C13D /* Main.storyboard in Resources */ = {isa = PBXBuildFile; fileRef = 8BB74EC51AD2E7560059C13D /* Main.storyboard */; };
		8BB74EC91AD2E7560059C13D /* Images.xcassets in Resources */ = {isa = PBXBuildFile; fileRef = 8BB74EC81AD2E7560059C13D /* Images.xcassets */; };
		8BB74ECC1AD2E7560059C13D /* LaunchScreen.xib in Resources */ = {isa = PBXBuildFile; fileRef = 8BB74ECA1AD2E7560059C13D /* LaunchScreen.xib */; };
		8BB74ED81AD2E7560059C13D /* MagicPowaTests.swift in Sources */ = {isa = PBXBuildFile; fileRef = 8BB74ED71AD2E7560059C13D /* MagicPowaTests.swift */; };
/* End PBXBuildFile section */

/* Begin PBXContainerItemProxy section */
		8BB74ED21AD2E7560059C13D /* PBXContainerItemProxy */ = {
			isa = PBXContainerItemProxy;
			containerPortal = 8BB74EB41AD2E7550059C13D /* Project object */;
			proxyType = 1;
			remoteGlobalIDString = 8BB74EBB1AD2E7550059C13D;
			remoteInfo = MagicPowa;
		};
/* End PBXContainerItemProxy section */

/* Begin PBXFileReference section */
		8BB0EA9D1AE275E600DD2A1D /* CategoryTableViewController.swift */ = {isa = PBXFileReference; fileEncoding = 4; lastKnownFileType = sourcecode.swift; path = CategoryTableViewController.swift; sourceTree = "<group>"; };
		8BB0EA9F1AE2760400DD2A1D /* ArticleTableViewController.swift */ = {isa = PBXFileReference; fileEncoding = 4; lastKnownFileType = sourcecode.swift; path = ArticleTableViewController.swift; sourceTree = "<group>"; };
		8BB1BDD61AE02F67001D713D /* ArticleController.swift */ = {isa = PBXFileReference; fileEncoding = 4; lastKnownFileType = sourcecode.swift; path = ArticleController.swift; sourceTree = "<group>"; };
		8BB74EBC1AD2E7560059C13D /* MagicPowa.app */ = {isa = PBXFileReference; explicitFileType = wrapper.application; includeInIndex = 0; path = MagicPowa.app; sourceTree = BUILT_PRODUCTS_DIR; };
		8BB74EC01AD2E7560059C13D /* Info.plist */ = {isa = PBXFileReference; lastKnownFileType = text.plist.xml; path = Info.plist; sourceTree = "<group>"; };
		8BB74EC11AD2E7560059C13D /* AppDelegate.swift */ = {isa = PBXFileReference; lastKnownFileType = sourcecode.swift; path = AppDelegate.swift; sourceTree = "<group>"; };
		8BB74EC31AD2E7560059C13D /* ViewController.swift */ = {isa = PBXFileReference; lastKnownFileType = sourcecode.swift; path = ViewController.swift; sourceTree = "<group>"; };
		8BB74EC61AD2E7560059C13D /* Base */ = {isa = PBXFileReference; lastKnownFileType = file.storyboard; name = Base; path = Base.lproj/Main.storyboard; sourceTree = "<group>"; };
		8BB74EC81AD2E7560059C13D /* Images.xcassets */ = {isa = PBXFileReference; lastKnownFileType = folder.assetcatalog; path = Images.xcassets; sourceTree = "<group>"; };
		8BB74ECB1AD2E7560059C13D /* Base */ = {isa = PBXFileReference; lastKnownFileType = file.xib; name = Base; path = Base.lproj/LaunchScreen.xib; sourceTree = "<group>"; };
		8BB74ED11AD2E7560059C13D /* MagicPowaTests.xctest */ = {isa = PBXFileReference; explicitFileType = wrapper.cfbundle; includeInIndex = 0; path = MagicPowaTests.xctest; sourceTree = BUILT_PRODUCTS_DIR; };
		8BB74ED61AD2E7560059C13D /* Info.plist */ = {isa = PBXFileReference; lastKnownFileType = text.plist.xml; path = Info.plist; sourceTree = "<group>"; };
		8BB74ED71AD2E7560059C13D /* MagicPowaTests.swift */ = {isa = PBXFileReference; lastKnownFileType = sourcecode.swift; path = MagicPowaTests.swift; sourceTree = "<group>"; };
/* End PBXFileReference section */

/* Begin PBXFrameworksBuildPhase section */
		8BB74EB91AD2E7550059C13D /* Frameworks */ = {
			isa = PBXFrameworksBuildPhase;
			buildActionMask = 2147483647;
			files = (
			);
			runOnlyForDeploymentPostprocessing = 0;
		};
		8BB74ECE1AD2E7560059C13D /* Frameworks */ = {
			isa = PBXFrameworksBuildPhase;
			buildActionMask = 2147483647;
			files = (
			);
			runOnlyForDeploymentPostprocessing = 0;
		};
/* End PBXFrameworksBuildPhase section */

/* Begin PBXGroup section */
		8BB19B071AE16B6000F222A6 /* Controllers */ = {
			isa = PBXGroup;
			children = (
				8BB1BDD61AE02F67001D713D /* ArticleController.swift */,
				8BB0EA9D1AE275E600DD2A1D /* CategoryTableViewController.swift */,
				8BB0EA9F1AE2760400DD2A1D /* ArticleTableViewController.swift */,
			);
			name = Controllers;
			sourceTree = "<group>";
		};
		8BB19B081AE16B7E00F222A6 /* View */ = {
			isa = PBXGroup;
			children = (
				8BB74EC51AD2E7560059C13D /* Main.storyboard */,
			);
			name = View;
			sourceTree = "<group>";
		};
		8BB19B091AE16B8E00F222A6 /* Models */ = {
			isa = PBXGroup;
			children = (
			);
			name = Models;
			sourceTree = "<group>";
		};
		8BB74EB31AD2E7550059C13D = {
			isa = PBXGroup;
			children = (
				8BB74EBE1AD2E7560059C13D /* MagicPowa */,
				8BB74ED41AD2E7560059C13D /* MagicPowaTests */,
				8BB74EBD1AD2E7560059C13D /* Products */,
			);
			sourceTree = "<group>";
		};
		8BB74EBD1AD2E7560059C13D /* Products */ = {
			isa = PBXGroup;
			children = (
				8BB74EBC1AD2E7560059C13D /* MagicPowa.app */,
				8BB74ED11AD2E7560059C13D /* MagicPowaTests.xctest */,
			);
			name = Products;
			sourceTree = "<group>";
		};
		8BB74EBE1AD2E7560059C13D /* MagicPowa */ = {
			isa = PBXGroup;
			children = (
				8BB74EC11AD2E7560059C13D /* AppDelegate.swift */,
				8BB74EC31AD2E7560059C13D /* ViewController.swift */,
				8BB74EC81AD2E7560059C13D /* Images.xcassets */,
				8BB74ECA1AD2E7560059C13D /* LaunchScreen.xib */,
				8BB19B091AE16B8E00F222A6 /* Models */,
				8BB19B081AE16B7E00F222A6 /* View */,
				8BB19B071AE16B6000F222A6 /* Controllers */,
				8BB74EBF1AD2E7560059C13D /* Supporting Files */,
			);
			path = MagicPowa;
			sourceTree = "<group>";
		};
		8BB74EBF1AD2E7560059C13D /* Supporting Files */ = {
			isa = PBXGroup;
			children = (
				8BB74EC01AD2E7560059C13D /* Info.plist */,
			);
			name = "Supporting Files";
			sourceTree = "<group>";
		};
		8BB74ED41AD2E7560059C13D /* MagicPowaTests */ = {
			isa = PBXGroup;
			children = (
				8BB74ED71AD2E7560059C13D /* MagicPowaTests.swift */,
				8BB74ED51AD2E7560059C13D /* Supporting Files */,
			);
			path = MagicPowaTests;
			sourceTree = "<group>";
		};
		8BB74ED51AD2E7560059C13D /* Supporting Files */ = {
			isa = PBXGroup;
			children = (
				8BB74ED61AD2E7560059C13D /* Info.plist */,
			);
			name = "Supporting Files";
			sourceTree = "<group>";
		};
/* End PBXGroup section */

/* Begin PBXNativeTarget section */
		8BB74EBB1AD2E7550059C13D /* MagicPowa */ = {
			isa = PBXNativeTarget;
			buildConfigurationList = 8BB74EDB1AD2E7560059C13D /* Build configuration list for PBXNativeTarget "MagicPowa" */;
			buildPhases = (
				8BB74EB81AD2E7550059C13D /* Sources */,
				8BB74EB91AD2E7550059C13D /* Frameworks */,
				8BB74EBA1AD2E7550059C13D /* Resources */,
			);
			buildRules = (
			);
			dependencies = (
			);
			name = MagicPowa;
			productName = MagicPowa;
			productReference = 8BB74EBC1AD2E7560059C13D /* MagicPowa.app */;
			productType = "com.apple.product-type.application";
		};
		8BB74ED01AD2E7560059C13D /* MagicPowaTests */ = {
			isa = PBXNativeTarget;
			buildConfigurationList = 8BB74EDE1AD2E7560059C13D /* Build configuration list for PBXNativeTarget "MagicPowaTests" */;
			buildPhases = (
				8BB74ECD1AD2E7560059C13D /* Sources */,
				8BB74ECE1AD2E7560059C13D /* Frameworks */,
				8BB74ECF1AD2E7560059C13D /* Resources */,
			);
			buildRules = (
			);
			dependencies = (
				8BB74ED31AD2E7560059C13D /* PBXTargetDependency */,
			);
			name = MagicPowaTests;
			productName = MagicPowaTests;
			productReference = 8BB74ED11AD2E7560059C13D /* MagicPowaTests.xctest */;
			productType = "com.apple.product-type.bundle.unit-test";
		};
/* End PBXNativeTarget section */

/* Begin PBXProject section */
		8BB74EB41AD2E7550059C13D /* Project object */ = {
			isa = PBXProject;
			attributes = {
				LastUpgradeCheck = 0610;
				ORGANIZATIONNAME = Developer;
				TargetAttributes = {
					8BB74EBB1AD2E7550059C13D = {
						CreatedOnToolsVersion = 6.1;
					};
					8BB74ED01AD2E7560059C13D = {
						CreatedOnToolsVersion = 6.1;
						TestTargetID = 8BB74EBB1AD2E7550059C13D;
					};
				};
			};
			buildConfigurationList = 8BB74EB71AD2E7550059C13D /* Build configuration list for PBXProject "MagicPowa" */;
			compatibilityVersion = "Xcode 3.2";
			developmentRegion = English;
			hasScannedForEncodings = 0;
			knownRegions = (
				en,
				Base,
			);
			mainGroup = 8BB74EB31AD2E7550059C13D;
			productRefGroup = 8BB74EBD1AD2E7560059C13D /* Products */;
			projectDirPath = "";
			projectRoot = "";
			targets = (
				8BB74EBB1AD2E7550059C13D /* MagicPowa */,
				8BB74ED01AD2E7560059C13D /* MagicPowaTests */,
			);
		};
/* End PBXProject section */

/* Begin PBXResourcesBuildPhase section */
		8BB74EBA1AD2E7550059C13D /* Resources */ = {
			isa = PBXResourcesBuildPhase;
			buildActionMask = 2147483647;
			files = (
				8BB74EC71AD2E7560059C13D /* Main.storyboard in Resources */,
				8BB74ECC1AD2E7560059C13D /* LaunchScreen.xib in Resources */,
				8BB74EC91AD2E7560059C13D /* Images.xcassets in Resources */,
			);
			runOnlyForDeploymentPostprocessing = 0;
		};
		8BB74ECF1AD2E7560059C13D /* Resources */ = {
			isa = PBXResourcesBuildPhase;
			buildActionMask = 2147483647;
			files = (
			);
			runOnlyForDeploymentPostprocessing = 0;
		};
/* End PBXResourcesBuildPhase section */

/* Begin PBXSourcesBuildPhase section */
		8BB74EB81AD2E7550059C13D /* Sources */ = {
			isa = PBXSourcesBuildPhase;
			buildActionMask = 2147483647;
			files = (
				8BB0EAA01AE2760400DD2A1D /* ArticleTableViewController.swift in Sources */,
				8BB74EC41AD2E7560059C13D /* ViewController.swift in Sources */,
				8BB1BDD71AE02F67001D713D /* ArticleController.swift in Sources */,
				8BB74EC21AD2E7560059C13D /* AppDelegate.swift in Sources */,
				8BB0EA9E1AE275E600DD2A1D /* CategoryTableViewController.swift in Sources */,
			);
			runOnlyForDeploymentPostprocessing = 0;
		};
		8BB74ECD1AD2E7560059C13D /* Sources */ = {
			isa = PBXSourcesBuildPhase;
			buildActionMask = 2147483647;
			files = (
				8BB74ED81AD2E7560059C13D /* MagicPowaTests.swift in Sources */,
			);
			runOnlyForDeploymentPostprocessing = 0;
		};
/* End PBXSourcesBuildPhase section */

/* Begin PBXTargetDependency section */
		8BB74ED31AD2E7560059C13D /* PBXTargetDependency */ = {
			isa = PBXTargetDependency;
			target = 8BB74EBB1AD2E7550059C13D /* MagicPowa */;
			targetProxy = 8BB74ED21AD2E7560059C13D /* PBXContainerItemProxy */;
		};
/* End PBXTargetDependency section */

/* Begin PBXVariantGroup section */
		8BB74EC51AD2E7560059C13D /* Main.storyboard */ = {
			isa = PBXVariantGroup;
			children = (
				8BB74EC61AD2E7560059C13D /* Base */,
			);
			name = Main.storyboard;
			sourceTree = "<group>";
		};
		8BB74ECA1AD2E7560059C13D /* LaunchScreen.xib */ = {
			isa = PBXVariantGroup;
			children = (
				8BB74ECB1AD2E7560059C13D /* Base */,
			);
			name = LaunchScreen.xib;
			sourceTree = "<group>";
		};
/* End PBXVariantGroup section */

/* Begin XCBuildConfiguration section */
		8BB74ED91AD2E7560059C13D /* Debug */ = {
			isa = XCBuildConfiguration;
			buildSettings = {
				ALWAYS_SEARCH_USER_PATHS = NO;
				CLANG_CXX_LANGUAGE_STANDARD = "gnu++0x";
				CLANG_CXX_LIBRARY = "libc++";
				CLANG_ENABLE_MODULES = YES;
				CLANG_ENABLE_OBJC_ARC = YES;
				CLANG_WARN_BOOL_CONVERSION = YES;
				CLANG_WARN_CONSTANT_CONVERSION = YES;
				CLANG_WARN_DIRECT_OBJC_ISA_USAGE = YES_ERROR;
				CLANG_WARN_EMPTY_BODY = YES;
				CLANG_WARN_ENUM_CONVERSION = YES;
				CLANG_WARN_INT_CONVERSION = YES;
				CLANG_WARN_OBJC_ROOT_CLASS = YES_ERROR;
				CLANG_WARN_UNREACHABLE_CODE = YES;
				CLANG_WARN__DUPLICATE_METHOD_MATCH = YES;
				"CODE_SIGN_IDENTITY[sdk=iphoneos*]" = "iPhone Developer";
				COPY_PHASE_STRIP = NO;
				ENABLE_STRICT_OBJC_MSGSEND = YES;
				GCC_C_LANGUAGE_STANDARD = gnu99;
				GCC_DYNAMIC_NO_PIC = NO;
				GCC_OPTIMIZATION_LEVEL = 0;
				GCC_PREPROCESSOR_DEFINITIONS = (
					"DEBUG=1",
					"$(inherited)",
				);
				GCC_SYMBOLS_PRIVATE_EXTERN = NO;
				GCC_WARN_64_TO_32_BIT_CONVERSION = YES;
				GCC_WARN_ABOUT_RETURN_TYPE = YES_ERROR;
				GCC_WARN_UNDECLARED_SELECTOR = YES;
				GCC_WARN_UNINITIALIZED_AUTOS = YES_AGGRESSIVE;
				GCC_WARN_UNUSED_FUNCTION = YES;
				GCC_WARN_UNUSED_VARIABLE = YES;
				IPHONEOS_DEPLOYMENT_TARGET = 8.1;
				MTL_ENABLE_DEBUG_INFO = YES;
				ONLY_ACTIVE_ARCH = YES;
				SDKROOT = iphoneos;
				SWIFT_OPTIMIZATION_LEVEL = "-Onone";
			};
			name = Debug;
		};
		8BB74EDA1AD2E7560059C13D /* Release */ = {
			isa = XCBuildConfiguration;
			buildSettings = {
				ALWAYS_SEARCH_USER_PATHS = NO;
				CLANG_CXX_LANGUAGE_STANDARD = "gnu++0x";
				CLANG_CXX_LIBRARY = "libc++";
				CLANG_ENABLE_MODULES = YES;
				CLANG_ENABLE_OBJC_ARC = YES;
				CLANG_WARN_BOOL_CONVERSION = YES;
				CLANG_WARN_CONSTANT_CONVERSION = YES;
				CLANG_WARN_DIRECT_OBJC_ISA_USAGE = YES_ERROR;
				CLANG_WARN_EMPTY_BODY = YES;
				CLANG_WARN_ENUM_CONVERSION = YES;
				CLANG_WARN_INT_CONVERSION = YES;
				CLANG_WARN_OBJC_ROOT_CLASS = YES_ERROR;
				CLANG_WARN_UNREACHABLE_CODE = YES;
				CLANG_WARN__DUPLICATE_METHOD_MATCH = YES;
				"CODE_SIGN_IDENTITY[sdk=iphoneos*]" = "iPhone Developer";
				COPY_PHASE_STRIP = YES;
				ENABLE_NS_ASSERTIONS = NO;
				ENABLE_STRICT_OBJC_MSGSEND = YES;
				GCC_C_LANGUAGE_STANDARD = gnu99;
				GCC_WARN_64_TO_32_BIT_CONVERSION = YES;
				GCC_WARN_ABOUT_RETURN_TYPE = YES_ERROR;
				GCC_WARN_UNDECLARED_SELECTOR = YES;
				GCC_WARN_UNINITIALIZED_AUTOS = YES_AGGRESSIVE;
				GCC_WARN_UNUSED_FUNCTION = YES;
				GCC_WARN_UNUSED_VARIABLE = YES;
				IPHONEOS_DEPLOYMENT_TARGET = 8.1;
				MTL_ENABLE_DEBUG_INFO = NO;
				SDKROOT = iphoneos;
				VALIDATE_PRODUCT = YES;
			};
			name = Release;
		};
		8BB74EDC1AD2E7560059C13D /* Debug */ = {
			isa = XCBuildConfiguration;
			buildSettings = {
				ASSETCATALOG_COMPILER_APPICON_NAME = AppIcon;
				INFOPLIST_FILE = MagicPowa/Info.plist;
				LD_RUNPATH_SEARCH_PATHS = "$(inherited) @executable_path/Frameworks";
				PRODUCT_NAME = "$(TARGET_NAME)";
			};
			name = Debug;
		};
		8BB74EDD1AD2E7560059C13D /* Release */ = {
			isa = XCBuildConfiguration;
			buildSettings = {
				ASSETCATALOG_COMPILER_APPICON_NAME = AppIcon;
				INFOPLIST_FILE = MagicPowa/Info.plist;
				LD_RUNPATH_SEARCH_PATHS = "$(inherited) @executable_path/Frameworks";
				PRODUCT_NAME = "$(TARGET_NAME)";
			};
			name = Release;
		};
		8BB74EDF1AD2E7560059C13D /* Debug */ = {
			isa = XCBuildConfiguration;
			buildSettings = {
				BUNDLE_LOADER = "$(TEST_HOST)";
				FRAMEWORK_SEARCH_PATHS = (
					"$(SDKROOT)/Developer/Library/Frameworks",
					"$(inherited)",
				);
				GCC_PREPROCESSOR_DEFINITIONS = (
					"DEBUG=1",
					"$(inherited)",
				);
				INFOPLIST_FILE = MagicPowaTests/Info.plist;
				LD_RUNPATH_SEARCH_PATHS = "$(inherited) @executable_path/Frameworks @loader_path/Frameworks";
				PRODUCT_NAME = "$(TARGET_NAME)";
				TEST_HOST = "$(BUILT_PRODUCTS_DIR)/MagicPowa.app/MagicPowa";
			};
			name = Debug;
		};
		8BB74EE01AD2E7560059C13D /* Release */ = {
			isa = XCBuildConfiguration;
			buildSettings = {
				BUNDLE_LOADER = "$(TEST_HOST)";
				FRAMEWORK_SEARCH_PATHS = (
					"$(SDKROOT)/Developer/Library/Frameworks",
					"$(inherited)",
				);
				INFOPLIST_FILE = MagicPowaTests/Info.plist;
				LD_RUNPATH_SEARCH_PATHS = "$(inherited) @executable_path/Frameworks @loader_path/Frameworks";
				PRODUCT_NAME = "$(TARGET_NAME)";
				TEST_HOST = "$(BUILT_PRODUCTS_DIR)/MagicPowa.app/MagicPowa";
			};
			name = Release;
		};
/* End XCBuildConfiguration section */

/* Begin XCConfigurationList section */
		8BB74EB71AD2E7550059C13D /* Build configuration list for PBXProject "MagicPowa" */ = {
			isa = XCConfigurationList;
			buildConfigurations = (
				8BB74ED91AD2E7560059C13D /* Debug */,
				8BB74EDA1AD2E7560059C13D /* Release */,
			);
			defaultConfigurationIsVisible = 0;
			defaultConfigurationName = Release;
		};
		8BB74EDB1AD2E7560059C13D /* Build configuration list for PBXNativeTarget "MagicPowa" */ = {
			isa = XCConfigurationList;
			buildConfigurations = (
				8BB74EDC1AD2E7560059C13D /* Debug */,
				8BB74EDD1AD2E7560059C13D /* Release */,
			);
			defaultConfigurationIsVisible = 0;
			defaultConfigurationName = Release;
		};
		8BB74EDE1AD2E7560059C13D /* Build configuration list for PBXNativeTarget "MagicPowaTests" */ = {
			isa = XCConfigurationList;
			buildConfigurations = (
				8BB74EDF1AD2E7560059C13D /* Debug */,
				8BB74EE01AD2E7560059C13D /* Release */,
			);
			defaultConfigurationIsVisible = 0;
			defaultConfigurationName = Release;
		};
/* End XCConfigurationList section */
	};
	rootObject = 8BB74EB41AD2E7550059C13D /* Project object */;
}
